
Microsoft Visual Studio Solution File, Format Version 12.00
# Visual Studio 15
VisualStudioVersion = 15.0.27130.2024
MinimumVisualStudioVersion = 10.0.40219.1
Project("{F184B08F-C81C-45F6-A57F-5ABD9991F28F}") = "Search", "Search.vbproj", "{8A746D3B-C885-41DF-B248-AFF4C34132D3}"
EndProject
Global
	GlobalSection(SolutionConfigurationPlatforms) = preSolution
		Debug|x86 = Debug|x86
		Release|x86 = Release|x86
	EndGlobalSection
	GlobalSection(ProjectConfigurationPlatforms) = postSolution
		{8A746D3B-C885-41DF-B248-AFF4C34132D3}.Debug|x86.ActiveCfg = Debug|x86
		{8A746D3B-C885-41DF-B248-AFF4C34132D3}.Debug|x86.Build.0 = Debug|x86
		{8A746D3B-C885-41DF-B248-AFF4C34132D3}.Release|x86.ActiveCfg = Release|x86
		{8A746D3B-C885-41DF-B248-AFF4C34132D3}.Release|x86.Build.0 = Release|x86
	EndGlobalSection
	GlobalSection(SolutionProperties) = preSolution
		HideSolutionNode = FALSE
	EndGlobalSection
	GlobalSection(ExtensibilityGlobals) = postSolution
		SolutionGuid = {711912E4-CBB3-4455-BDF8-9FDBC338E2D8}
	EndGlobalSection
EndGlobal
